
Microsoft Visual Studio Solution File, Format Version 12.00
Project("{FAE04EC0-301F-11D3-BF4B-00C04F79EFBC}") = "Option.Data.Analyzing", "Option.Data.Analyzing\Option.Data.Analyzing.csproj", "{27B0291D-6216-478B-9284-6E6FDEB5FF17}"
EndProject
Project("{FAE04EC0-301F-11D3-BF4B-00C04F79EFBC}") = "Option.Data.Scheduler", "Option.Data.Scheduler\Option.Data.Scheduler.csproj", "{D47C8383-2332-47A9-A926-AB4ED6351E29}"
EndProject
Project("{2150E333-8FDC-42A3-9474-1A3956D46DE8}") = "Solution Items", "Solution Items", "{ACF28C13-B5F9-4B62-8373-22A089F20C2F}"
	ProjectSection(SolutionItems) = preProject
		compose.yaml = compose.yaml
		traefik.yaml = traefik.yaml
	EndProjectSection
EndProject
Project("{FAE04EC0-301F-11D3-BF4B-00C04F79EFBC}") = "Option.Data.Shared", "Option.Data.Shared\Option.Data.Shared.csproj", "{682C3E43-EA94-46D2-A2E2-6F8E29446CCD}"
EndProject
Project("{FAE04EC0-301F-11D3-BF4B-00C04F79EFBC}") = "Option.Data.Database", "Option.Data.Database\Option.Data.Database.csproj", "{65C65B34-1AF0-43D0-BC18-EDDFDF169323}"
EndProject
Project("{2150E333-8FDC-42A3-9474-1A3956D46DE8}") = "Data", "Data", "{817FB107-DF9E-4FE5-BBEB-5EBBDA0A60F2}"
EndProject
Project("{2150E333-8FDC-42A3-9474-1A3956D46DE8}") = "Web", "Web", "{A20C9BB3-E2F7-47FE-B295-DCBD2F07C0AF}"
EndProject
Project("{FAE04EC0-301F-11D3-BF4B-00C04F79EFBC}") = "Option.Data.Ui", "Option.Data.Ui\Option.Data.Ui.csproj", "{D7965446-3C59-418D-B6E8-B9233D360A53}"
EndProject
Project("{2150E333-8FDC-42A3-9474-1A3956D46DE8}") = "Tools", "Tools", "{07C2787E-EAC7-C090-1BA3-A61EC2A24D84}"
EndProject
Project("{FAE04EC0-301F-11D3-BF4B-00C04F79EFBC}") = "Backtest", "backtest\Backtest.csproj", "{ECA136D3-EE0E-495A-B094-81C43950F185}"
EndProject
Project("{FAE04EC0-301F-11D3-BF4B-00C04F79EFBC}") = "Preview", "preview\Preview.csproj", "{CFDC0447-E96B-4A64-AB9A-66FD452504B9}"
EndProject
Project("{FAE04EC0-301F-11D3-BF4B-00C04F79EFBC}") = "TradeBacktest", "tradebacktest\TradeBacktest.csproj", "{3FA15071-1903-44FF-B68F-4DF80AEF404A}"
EndProject
Global
	GlobalSection(SolutionConfigurationPlatforms) = preSolution
		Debug|Any CPU = Debug|Any CPU
		Debug|x64 = Debug|x64
		Debug|x86 = Debug|x86
		Release|Any CPU = Release|Any CPU
		Release|x64 = Release|x64
		Release|x86 = Release|x86
	EndGlobalSection
	GlobalSection(ProjectConfigurationPlatforms) = postSolution
		{27B0291D-6216-478B-9284-6E6FDEB5FF17}.Debug|Any CPU.ActiveCfg = Debug|Any CPU
		{27B0291D-6216-478B-9284-6E6FDEB5FF17}.Debug|Any CPU.Build.0 = Debug|Any CPU
		{27B0291D-6216-478B-9284-6E6FDEB5FF17}.Debug|x64.ActiveCfg = Debug|Any CPU
		{27B0291D-6216-478B-9284-6E6FDEB5FF17}.Debug|x64.Build.0 = Debug|Any CPU
		{27B0291D-6216-478B-9284-6E6FDEB5FF17}.Debug|x86.ActiveCfg = Debug|Any CPU
		{27B0291D-6216-478B-9284-6E6FDEB5FF17}.Debug|x86.Build.0 = Debug|Any CPU
		{27B0291D-6216-478B-9284-6E6FDEB5FF17}.Release|Any CPU.ActiveCfg = Release|Any CPU
		{27B0291D-6216-478B-9284-6E6FDEB5FF17}.Release|Any CPU.Build.0 = Release|Any CPU
		{27B0291D-6216-478B-9284-6E6FDEB5FF17}.Release|x64.ActiveCfg = Release|Any CPU
		{27B0291D-6216-478B-9284-6E6FDEB5FF17}.Release|x64.Build.0 = Release|Any CPU
		{27B0291D-6216-478B-9284-6E6FDEB5FF17}.Release|x86.ActiveCfg = Release|Any CPU
		{27B0291D-6216-478B-9284-6E6FDEB5FF17}.Release|x86.Build.0 = Release|Any CPU
		{D47C8383-2332-47A9-A926-AB4ED6351E29}.Debug|Any CPU.ActiveCfg = Debug|Any CPU
		{D47C8383-2332-47A9-A926-AB4ED6351E29}.Debug|Any CPU.Build.0 = Debug|Any CPU
		{D47C8383-2332-47A9-A926-AB4ED6351E29}.Debug|x64.ActiveCfg = Debug|Any CPU
		{D47C8383-2332-47A9-A926-AB4ED6351E29}.Debug|x64.Build.0 = Debug|Any CPU
		{D47C8383-2332-47A9-A926-AB4ED6351E29}.Debug|x86.ActiveCfg = Debug|Any CPU
		{D47C8383-2332-47A9-A926-AB4ED6351E29}.Debug|x86.Build.0 = Debug|Any CPU
		{D47C8383-2332-47A9-A926-AB4ED6351E29}.Release|Any CPU.ActiveCfg = Release|Any CPU
		{D47C8383-2332-47A9-A926-AB4ED6351E29}.Release|Any CPU.Build.0 = Release|Any CPU
		{D47C8383-2332-47A9-A926-AB4ED6351E29}.Release|x64.ActiveCfg = Release|Any CPU
		{D47C8383-2332-47A9-A926-AB4ED6351E29}.Release|x64.Build.0 = Release|Any CPU
		{D47C8383-2332-47A9-A926-AB4ED6351E29}.Release|x86.ActiveCfg = Release|Any CPU
		{D47C8383-2332-47A9-A926-AB4ED6351E29}.Release|x86.Build.0 = Release|Any CPU
		{682C3E43-EA94-46D2-A2E2-6F8E29446CCD}.Debug|Any CPU.ActiveCfg = Debug|Any CPU
		{682C3E43-EA94-46D2-A2E2-6F8E29446CCD}.Debug|Any CPU.Build.0 = Debug|Any CPU
		{682C3E43-EA94-46D2-A2E2-6F8E29446CCD}.Debug|x64.ActiveCfg = Debug|Any CPU
		{682C3E43-EA94-46D2-A2E2-6F8E29446CCD}.Debug|x64.Build.0 = Debug|Any CPU
		{682C3E43-EA94-46D2-A2E2-6F8E29446CCD}.Debug|x86.ActiveCfg = Debug|Any CPU
		{682C3E43-EA94-46D2-A2E2-6F8E29446CCD}.Debug|x86.Build.0 = Debug|Any CPU
		{682C3E43-EA94-46D2-A2E2-6F8E29446CCD}.Release|Any CPU.ActiveCfg = Release|Any CPU
		{682C3E43-EA94-46D2-A2E2-6F8E29446CCD}.Release|Any CPU.Build.0 = Release|Any CPU
		{682C3E43-EA94-46D2-A2E2-6F8E29446CCD}.Release|x64.ActiveCfg = Release|Any CPU
		{682C3E43-EA94-46D2-A2E2-6F8E29446CCD}.Release|x64.Build.0 = Release|Any CPU
		{682C3E43-EA94-46D2-A2E2-6F8E29446CCD}.Release|x86.ActiveCfg = Release|Any CPU
		{682C3E43-EA94-46D2-A2E2-6F8E29446CCD}.Release|x86.Build.0 = Release|Any CPU
		{65C65B34-1AF0-43D0-BC18-EDDFDF169323}.Debug|Any CPU.ActiveCfg = Debug|Any CPU
		{65C65B34-1AF0-43D0-BC18-EDDFDF169323}.Debug|Any CPU.Build.0 = Debug|Any CPU
		{65C65B34-1AF0-43D0-BC18-EDDFDF169323}.Debug|x64.ActiveCfg = Debug|Any CPU
		{65C65B34-1AF0-43D0-BC18-EDDFDF169323}.Debug|x64.Build.0 = Debug|Any CPU
		{65C65B34-1AF0-43D0-BC18-EDDFDF169323}.Debug|x86.ActiveCfg = Debug|Any CPU
		{65C65B34-1AF0-43D0-BC18-EDDFDF169323}.Debug|x86.Build.0 = Debug|Any CPU
		{65C65B34-1AF0-43D0-BC18-EDDFDF169323}.Release|Any CPU.ActiveCfg = Release|Any CPU
		{65C65B34-1AF0-43D0-BC18-EDDFDF169323}.Release|Any CPU.Build.0 = Release|Any CPU
		{65C65B34-1AF0-43D0-BC18-EDDFDF169323}.Release|x64.ActiveCfg = Release|Any CPU
		{65C65B34-1AF0-43D0-BC18-EDDFDF169323}.Release|x64.Build.0 = Release|Any CPU
		{65C65B34-1AF0-43D0-BC18-EDDFDF169323}.Release|x86.ActiveCfg = Release|Any CPU
		{65C65B34-1AF0-43D0-BC18-EDDFDF169323}.Release|x86.Build.0 = Release|Any CPU
		{D7965446-3C59-418D-B6E8-B9233D360A53}.Debug|Any CPU.ActiveCfg = Debug|Any CPU
		{D7965446-3C59-418D-B6E8-B9233D360A53}.Debug|Any CPU.Build.0 = Debug|Any CPU
		{D7965446-3C59-418D-B6E8-B9233D360A53}.Debug|x64.ActiveCfg = Debug|Any CPU
		{D7965446-3C59-418D-B6E8-B9233D360A53}.Debug|x64.Build.0 = Debug|Any CPU
		{D7965446-3C59-418D-B6E8-B9233D360A53}.Debug|x86.ActiveCfg = Debug|Any CPU
		{D7965446-3C59-418D-B6E8-B9233D360A53}.Debug|x86.Build.0 = Debug|Any CPU
		{D7965446-3C59-418D-B6E8-B9233D360A53}.Release|Any CPU.ActiveCfg = Release|Any CPU
		{D7965446-3C59-418D-B6E8-B9233D360A53}.Release|Any CPU.Build.0 = Release|Any CPU
		{D7965446-3C59-418D-B6E8-B9233D360A53}.Release|x64.ActiveCfg = Release|Any CPU
		{D7965446-3C59-418D-B6E8-B9233D360A53}.Release|x64.Build.0 = Release|Any CPU
		{D7965446-3C59-418D-B6E8-B9233D360A53}.Release|x86.ActiveCfg = Release|Any CPU
		{D7965446-3C59-418D-B6E8-B9233D360A53}.Release|x86.Build.0 = Release|Any CPU
		{ECA136D3-EE0E-495A-B094-81C43950F185}.Debug|Any CPU.ActiveCfg = Debug|Any CPU
		{ECA136D3-EE0E-495A-B094-81C43950F185}.Debug|Any CPU.Build.0 = Debug|Any CPU
		{ECA136D3-EE0E-495A-B094-81C43950F185}.Debug|x64.ActiveCfg = Debug|Any CPU
		{ECA136D3-EE0E-495A-B094-81C43950F185}.Debug|x64.Build.0 = Debug|Any CPU
		{ECA136D3-EE0E-495A-B094-81C43950F185}.Debug|x86.ActiveCfg = Debug|Any CPU
		{ECA136D3-EE0E-495A-B094-81C43950F185}.Debug|x86.Build.0 = Debug|Any CPU
		{ECA136D3-EE0E-495A-B094-81C43950F185}.Release|Any CPU.ActiveCfg = Release|Any CPU
		{ECA136D3-EE0E-495A-B094-81C43950F185}.Release|Any CPU.Build.0 = Release|Any CPU
		{ECA136D3-EE0E-495A-B094-81C43950F185}.Release|x64.ActiveCfg = Release|Any CPU
		{ECA136D3-EE0E-495A-B094-81C43950F185}.Release|x64.Build.0 = Release|Any CPU
		{ECA136D3-EE0E-495A-B094-81C43950F185}.Release|x86.ActiveCfg = Release|Any CPU
		{ECA136D3-EE0E-495A-B094-81C43950F185}.Release|x86.Build.0 = Release|Any CPU
		{CFDC0447-E96B-4A64-AB9A-66FD452504B9}.Debug|Any CPU.ActiveCfg = Debug|Any CPU
		{CFDC0447-E96B-4A64-AB9A-66FD452504B9}.Debug|Any CPU.Build.0 = Debug|Any CPU
		{CFDC0447-E96B-4A64-AB9A-66FD452504B9}.Debug|x64.ActiveCfg = Debug|Any CPU
		{CFDC0447-E96B-4A64-AB9A-66FD452504B9}.Debug|x64.Build.0 = Debug|Any CPU
		{CFDC0447-E96B-4A64-AB9A-66FD452504B9}.Debug|x86.ActiveCfg = Debug|Any CPU
		{CFDC0447-E96B-4A64-AB9A-66FD452504B9}.Debug|x86.Build.0 = Debug|Any CPU
		{CFDC0447-E96B-4A64-AB9A-66FD452504B9}.Release|Any CPU.ActiveCfg = Release|Any CPU
		{CFDC0447-E96B-4A64-AB9A-66FD452504B9}.Release|Any CPU.Build.0 = Release|Any CPU
		{CFDC0447-E96B-4A64-AB9A-66FD452504B9}.Release|x64.ActiveCfg = Release|Any CPU
		{CFDC0447-E96B-4A64-AB9A-66FD452504B9}.Release|x64.Build.0 = Release|Any CPU
		{CFDC0447-E96B-4A64-AB9A-66FD452504B9}.Release|x86.ActiveCfg = Release|Any CPU
		{CFDC0447-E96B-4A64-AB9A-66FD452504B9}.Release|x86.Build.0 = Release|Any CPU
		{3FA15071-1903-44FF-B68F-4DF80AEF404A}.Debug|Any CPU.ActiveCfg = Debug|Any CPU
		{3FA15071-1903-44FF-B68F-4DF80AEF404A}.Debug|Any CPU.Build.0 = Debug|Any CPU
		{3FA15071-1903-44FF-B68F-4DF80AEF404A}.Debug|x64.ActiveCfg = Debug|Any CPU
		{3FA15071-1903-44FF-B68F-4DF80AEF404A}.Debug|x64.Build.0 = Debug|Any CPU
		{3FA15071-1903-44FF-B68F-4DF80AEF404A}.Debug|x86.ActiveCfg = Debug|Any CPU
		{3FA15071-1903-44FF-B68F-4DF80AEF404A}.Debug|x86.Build.0 = Debug|Any CPU
		{3FA15071-1903-44FF-B68F-4DF80AEF404A}.Release|Any CPU.ActiveCfg = Release|Any CPU
		{3FA15071-1903-44FF-B68F-4DF80AEF404A}.Release|Any CPU.Build.0 = Release|Any CPU
		{3FA15071-1903-44FF-B68F-4DF80AEF404A}.Release|x64.ActiveCfg = Release|Any CPU
		{3FA15071-1903-44FF-B68F-4DF80AEF404A}.Release|x64.Build.0 = Release|Any CPU
		{3FA15071-1903-44FF-B68F-4DF80AEF404A}.Release|x86.ActiveCfg = Release|Any CPU
		{3FA15071-1903-44FF-B68F-4DF80AEF404A}.Release|x86.Build.0 = Release|Any CPU
	EndGlobalSection
	GlobalSection(SolutionProperties) = preSolution
		HideSolutionNode = FALSE
	EndGlobalSection
	GlobalSection(NestedProjects) = preSolution
		{682C3E43-EA94-46D2-A2E2-6F8E29446CCD} = {817FB107-DF9E-4FE5-BBEB-5EBBDA0A60F2}
		{65C65B34-1AF0-43D0-BC18-EDDFDF169323} = {817FB107-DF9E-4FE5-BBEB-5EBBDA0A60F2}
		{D7965446-3C59-418D-B6E8-B9233D360A53} = {A20C9BB3-E2F7-47FE-B295-DCBD2F07C0AF}
		{ECA136D3-EE0E-495A-B094-81C43950F185} = {07C2787E-EAC7-C090-1BA3-A61EC2A24D84}
		{CFDC0447-E96B-4A64-AB9A-66FD452504B9} = {07C2787E-EAC7-C090-1BA3-A61EC2A24D84}
		{3FA15071-1903-44FF-B68F-4DF80AEF404A} = {07C2787E-EAC7-C090-1BA3-A61EC2A24D84}
	EndGlobalSection
EndGlobal
