
Microsoft Visual Studio Solution File, Format Version 12.00
Project("{FAE04EC0-301F-11D3-BF4B-00C04F79EFBC}") = "Option.Data.Analyzing", "Option.Data.Analyzing\Option.Data.Analyzing.csproj", "{27B0291D-6216-478B-9284-6E6FDEB5FF17}"
EndProject
Project("{FAE04EC0-301F-11D3-BF4B-00C04F79EFBC}") = "Option.Data.Scheduler", "Option.Data.Scheduler\Option.Data.Scheduler.csproj", "{D47C8383-2332-47A9-A926-AB4ED6351E29}"
EndProject
Project("{2150E333-8FDC-42A3-9474-1A3956D46DE8}") = "Solution Items", "Solution Items", "{ACF28C13-B5F9-4B62-8373-22A089F20C2F}"
	ProjectSection(SolutionItems) = preProject
		compose.yaml = compose.yaml
	EndProjectSection
EndProject
Project("{FAE04EC0-301F-11D3-BF4B-00C04F79EFBC}") = "Option.Data.Shared", "Option.Data.Shared\Option.Data.Shared.csproj", "{682C3E43-EA94-46D2-A2E2-6F8E29446CCD}"
EndProject
Project("{FAE04EC0-301F-11D3-BF4B-00C04F79EFBC}") = "Option.Data.Database", "Option.Data.Database\Option.Data.Database.csproj", "{65C65B34-1AF0-43D0-BC18-EDDFDF169323}"
EndProject
Global
	GlobalSection(SolutionConfigurationPlatforms) = preSolution
		Debug|Any CPU = Debug|Any CPU
		Release|Any CPU = Release|Any CPU
	EndGlobalSection
	GlobalSection(ProjectConfigurationPlatforms) = postSolution
		{27B0291D-6216-478B-9284-6E6FDEB5FF17}.Debug|Any CPU.ActiveCfg = Debug|Any CPU
		{27B0291D-6216-478B-9284-6E6FDEB5FF17}.Debug|Any CPU.Build.0 = Debug|Any CPU
		{27B0291D-6216-478B-9284-6E6FDEB5FF17}.Release|Any CPU.ActiveCfg = Release|Any CPU
		{27B0291D-6216-478B-9284-6E6FDEB5FF17}.Release|Any CPU.Build.0 = Release|Any CPU
		{D47C8383-2332-47A9-A926-AB4ED6351E29}.Debug|Any CPU.ActiveCfg = Debug|Any CPU
		{D47C8383-2332-47A9-A926-AB4ED6351E29}.Debug|Any CPU.Build.0 = Debug|Any CPU
		{D47C8383-2332-47A9-A926-AB4ED6351E29}.Release|Any CPU.ActiveCfg = Release|Any CPU
		{D47C8383-2332-47A9-A926-AB4ED6351E29}.Release|Any CPU.Build.0 = Release|Any CPU
		{682C3E43-EA94-46D2-A2E2-6F8E29446CCD}.Debug|Any CPU.ActiveCfg = Debug|Any CPU
		{682C3E43-EA94-46D2-A2E2-6F8E29446CCD}.Debug|Any CPU.Build.0 = Debug|Any CPU
		{682C3E43-EA94-46D2-A2E2-6F8E29446CCD}.Release|Any CPU.ActiveCfg = Release|Any CPU
		{682C3E43-EA94-46D2-A2E2-6F8E29446CCD}.Release|Any CPU.Build.0 = Release|Any CPU
		{65C65B34-1AF0-43D0-BC18-EDDFDF169323}.Debug|Any CPU.ActiveCfg = Debug|Any CPU
		{65C65B34-1AF0-43D0-BC18-EDDFDF169323}.Debug|Any CPU.Build.0 = Debug|Any CPU
		{65C65B34-1AF0-43D0-BC18-EDDFDF169323}.Release|Any CPU.ActiveCfg = Release|Any CPU
		{65C65B34-1AF0-43D0-BC18-EDDFDF169323}.Release|Any CPU.Build.0 = Release|Any CPU
	EndGlobalSection
EndGlobal
